{
  "name": "ngx-ellipsis",
  "version": "1.1.0",
  "lockfileVersion": 1,
  "requires": true,
  "dependencies": {
    "@types/element-resize-detector": {
      "version": "1.1.0",
      "resolved": "https://registry.npmjs.org/@types/element-resize-detector/-/element-resize-detector-1.1.0.tgz",
      "integrity": "sha512-Z8RMOljUShtNcYwv/VsfLv7l/g9EmVTjDGg+IGxLclQ9nWCcE6NbNRizf0OY93nmUjrtwLUa9QvFxyKiFtu4Ag==",
      "dev": true
    },
    "batch-processor": {
      "version": "1.0.0",
      "resolved": "https://registry.npmjs.org/batch-processor/-/batch-processor-1.0.0.tgz",
      "integrity": "sha1-dclcMrdI4IUNEMKxaPa9vpiRrOg="
    },
    "element-resize-detector": {
      "version": "1.1.14",
      "resolved": "https://registry.npmjs.org/element-resize-detector/-/element-resize-detector-1.1.14.tgz",
      "integrity": "sha1-rwZKCmGKggrVcKlcXuxbd74BKME=",
      "requires": {
        "batch-processor": "1.0.0"
      }
    }
  }
}
